
Microsoft Visual Studio Solution File, Format Version 12.00
# Visual Studio 15
VisualStudioVersion = 15.0.28307.271
MinimumVisualStudioVersion = 10.0.40219.1
Project("{FAE04EC0-301F-11D3-BF4B-00C04F79EFBC}") = "ASP_InternSWDemo", "ASP_InternSWDemo\ASP_InternSWDemo.csproj", "{1F38BAE8-2FBE-4FC8-BD71-5D7C0A16F3C1}"
EndProject
Project("{FAE04EC0-301F-11D3-BF4B-00C04F79EFBC}") = "Models", "Models\Models.csproj", "{66C055A9-4A21-433B-9C2D-0BA34D72C61B}"
EndProject
Global
	GlobalSection(SolutionConfigurationPlatforms) = preSolution
		Debug|Any CPU = Debug|Any CPU
		Release|Any CPU = Release|Any CPU
	EndGlobalSection
	GlobalSection(ProjectConfigurationPlatforms) = postSolution
		{1F38BAE8-2FBE-4FC8-BD71-5D7C0A16F3C1}.Debug|Any CPU.ActiveCfg = Debug|Any CPU
		{1F38BAE8-2FBE-4FC8-BD71-5D7C0A16F3C1}.Debug|Any CPU.Build.0 = Debug|Any CPU
		{1F38BAE8-2FBE-4FC8-BD71-5D7C0A16F3C1}.Release|Any CPU.ActiveCfg = Release|Any CPU
		{1F38BAE8-2FBE-4FC8-BD71-5D7C0A16F3C1}.Release|Any CPU.Build.0 = Release|Any CPU
		{66C055A9-4A21-433B-9C2D-0BA34D72C61B}.Debug|Any CPU.ActiveCfg = Debug|Any CPU
		{66C055A9-4A21-433B-9C2D-0BA34D72C61B}.Debug|Any CPU.Build.0 = Debug|Any CPU
		{66C055A9-4A21-433B-9C2D-0BA34D72C61B}.Release|Any CPU.ActiveCfg = Release|Any CPU
		{66C055A9-4A21-433B-9C2D-0BA34D72C61B}.Release|Any CPU.Build.0 = Release|Any CPU
	EndGlobalSection
	GlobalSection(SolutionProperties) = preSolution
		HideSolutionNode = FALSE
	EndGlobalSection
	GlobalSection(ExtensibilityGlobals) = postSolution
		SolutionGuid = {DE411E8D-22E0-474D-A798-DC7FC959DAE2}
	EndGlobalSection
EndGlobal
